
Microsoft Visual Studio Solution File, Format Version 12.00
# Visual Studio 15
VisualStudioVersion = 15.0.27703.2035
MinimumVisualStudioVersion = 10.0.40219.1
Project("{FAE04EC0-301F-11D3-BF4B-00C04F79EFBC}") = "ConsoleLog", "ConsoleLog\ConsoleLog.csproj", "{084797C9-2D08-4032-91CA-1D60B65E00A7}"
EndProject
Global
	GlobalSection(SolutionConfigurationPlatforms) = preSolution
		Debug|Any CPU = Debug|Any CPU
		Release|Any CPU = Release|Any CPU
	EndGlobalSection
	GlobalSection(ProjectConfigurationPlatforms) = postSolution
		{084797C9-2D08-4032-91CA-1D60B65E00A7}.Debug|Any CPU.ActiveCfg = Debug|Any CPU
		{084797C9-2D08-4032-91CA-1D60B65E00A7}.Debug|Any CPU.Build.0 = Debug|Any CPU
		{084797C9-2D08-4032-91CA-1D60B65E00A7}.Release|Any CPU.ActiveCfg = Release|Any CPU
		{084797C9-2D08-4032-91CA-1D60B65E00A7}.Release|Any CPU.Build.0 = Release|Any CPU
	EndGlobalSection
	GlobalSection(SolutionProperties) = preSolution
		HideSolutionNode = FALSE
	EndGlobalSection
	GlobalSection(ExtensibilityGlobals) = postSolution
		SolutionGuid = {B55A64DD-3D78-46D9-9CBC-B156FFF04F7E}
	EndGlobalSection
EndGlobal
