
Microsoft Visual Studio Solution File, Format Version 12.00
# Visual Studio 15
VisualStudioVersion = 15.0.28307.779
MinimumVisualStudioVersion = 10.0.40219.1
Project("{FAE04EC0-301F-11D3-BF4B-00C04F79EFBC}") = "RfidReaderWinForm", "RfidReaderWinForm\RfidReaderWinForm.csproj", "{2B1A306F-87C0-4492-85F0-6720CEF7313C}"
EndProject
Project("{FAE04EC0-301F-11D3-BF4B-00C04F79EFBC}") = "ConsoleAppUsingUSB", "ConsoleAppUsingUSB\ConsoleAppUsingUSB.csproj", "{018BD2CE-E1E3-4BE3-A779-3091107DE3E0}"
EndProject
Project("{FAE04EC0-301F-11D3-BF4B-00C04F79EFBC}") = "ConsoleAppUsingSerialPort", "ConsoleAppUsingSerialPort\ConsoleAppUsingSerialPort.csproj", "{54535821-BA38-4554-BF58-4ED7B3642607}"
EndProject
Project("{2150E333-8FDC-42A3-9474-1A3956D46DE8}") = "Solution Items", "Solution Items", "{207FC56D-50F2-4798-A49B-90A0D037DC22}"
	ProjectSection(SolutionItems) = preProject
		note.txt = note.txt
	EndProjectSection
EndProject
Global
	GlobalSection(SolutionConfigurationPlatforms) = preSolution
		Debug|Any CPU = Debug|Any CPU
		Release|Any CPU = Release|Any CPU
	EndGlobalSection
	GlobalSection(ProjectConfigurationPlatforms) = postSolution
		{2B1A306F-87C0-4492-85F0-6720CEF7313C}.Debug|Any CPU.ActiveCfg = Debug|Any CPU
		{2B1A306F-87C0-4492-85F0-6720CEF7313C}.Debug|Any CPU.Build.0 = Debug|Any CPU
		{2B1A306F-87C0-4492-85F0-6720CEF7313C}.Release|Any CPU.ActiveCfg = Release|Any CPU
		{2B1A306F-87C0-4492-85F0-6720CEF7313C}.Release|Any CPU.Build.0 = Release|Any CPU
		{018BD2CE-E1E3-4BE3-A779-3091107DE3E0}.Debug|Any CPU.ActiveCfg = Debug|Any CPU
		{018BD2CE-E1E3-4BE3-A779-3091107DE3E0}.Debug|Any CPU.Build.0 = Debug|Any CPU
		{018BD2CE-E1E3-4BE3-A779-3091107DE3E0}.Release|Any CPU.ActiveCfg = Release|Any CPU
		{018BD2CE-E1E3-4BE3-A779-3091107DE3E0}.Release|Any CPU.Build.0 = Release|Any CPU
		{54535821-BA38-4554-BF58-4ED7B3642607}.Debug|Any CPU.ActiveCfg = Debug|Any CPU
		{54535821-BA38-4554-BF58-4ED7B3642607}.Debug|Any CPU.Build.0 = Debug|Any CPU
		{54535821-BA38-4554-BF58-4ED7B3642607}.Release|Any CPU.ActiveCfg = Release|Any CPU
		{54535821-BA38-4554-BF58-4ED7B3642607}.Release|Any CPU.Build.0 = Release|Any CPU
	EndGlobalSection
	GlobalSection(SolutionProperties) = preSolution
		HideSolutionNode = FALSE
	EndGlobalSection
	GlobalSection(ExtensibilityGlobals) = postSolution
		SolutionGuid = {4055C21D-5122-48E9-9F3B-121D77E8EE3A}
	EndGlobalSection
EndGlobal
